
Microsoft Visual Studio Solution File, Format Version 12.00
# Visual Studio 2012
Project("{FAE04EC0-301F-11D3-BF4B-00C04F79EFBC}") = "cf123", "cf123\cf123.csproj", "{685A1BFD-0287-4068-8379-97757C5705AF}"
EndProject
Global
	GlobalSection(SolutionConfigurationPlatforms) = preSolution
		Debug|Any CPU = Debug|Any CPU
		Release|Any CPU = Release|Any CPU
	EndGlobalSection
	GlobalSection(ProjectConfigurationPlatforms) = postSolution
		{685A1BFD-0287-4068-8379-97757C5705AF}.Debug|Any CPU.ActiveCfg = Debug|Any CPU
		{685A1BFD-0287-4068-8379-97757C5705AF}.Debug|Any CPU.Build.0 = Debug|Any CPU
		{685A1BFD-0287-4068-8379-97757C5705AF}.Release|Any CPU.ActiveCfg = Release|Any CPU
		{685A1BFD-0287-4068-8379-97757C5705AF}.Release|Any CPU.Build.0 = Release|Any CPU
	EndGlobalSection
	GlobalSection(SolutionProperties) = preSolution
		HideSolutionNode = FALSE
	EndGlobalSection
EndGlobal
